
Microsoft Visual Studio Solution File, Format Version 12.00
# Visual Studio 15
VisualStudioVersion = 15.0.28010.2046
MinimumVisualStudioVersion = 10.0.40219.1
Project("{FAE04EC0-301F-11D3-BF4B-00C04F79EFBC}") = "FTP", "FTP.csproj", "{96FA4B86-B92C-4BB5-BD8C-D449198D7A65}"
EndProject
Global
	GlobalSection(SolutionConfigurationPlatforms) = preSolution
		Debug|Any CPU = Debug|Any CPU
		Release|Any CPU = Release|Any CPU
	EndGlobalSection
	GlobalSection(ProjectConfigurationPlatforms) = postSolution
		{96FA4B86-B92C-4BB5-BD8C-D449198D7A65}.Debug|Any CPU.ActiveCfg = Debug|Any CPU
		{96FA4B86-B92C-4BB5-BD8C-D449198D7A65}.Debug|Any CPU.Build.0 = Debug|Any CPU
		{96FA4B86-B92C-4BB5-BD8C-D449198D7A65}.Release|Any CPU.ActiveCfg = Release|Any CPU
		{96FA4B86-B92C-4BB5-BD8C-D449198D7A65}.Release|Any CPU.Build.0 = Release|Any CPU
	EndGlobalSection
	GlobalSection(SolutionProperties) = preSolution
		HideSolutionNode = FALSE
	EndGlobalSection
	GlobalSection(ExtensibilityGlobals) = postSolution
		SolutionGuid = {DA841B29-DD3B-4C75-8B82-34AD28F81DE5}
	EndGlobalSection
EndGlobal
