
Microsoft Visual Studio Solution File, Format Version 12.00
# Visual Studio 15
VisualStudioVersion = 15.0.28010.2046
MinimumVisualStudioVersion = 10.0.40219.1
Project("{FAE04EC0-301F-11D3-BF4B-00C04F79EFBC}") = "SMTP", "SMTP.csproj", "{464BF32F-9FB4-46DF-B968-5AA4E95715E3}"
EndProject
Global
	GlobalSection(SolutionConfigurationPlatforms) = preSolution
		Debug|Any CPU = Debug|Any CPU
		Release|Any CPU = Release|Any CPU
	EndGlobalSection
	GlobalSection(ProjectConfigurationPlatforms) = postSolution
		{464BF32F-9FB4-46DF-B968-5AA4E95715E3}.Debug|Any CPU.ActiveCfg = Debug|Any CPU
		{464BF32F-9FB4-46DF-B968-5AA4E95715E3}.Debug|Any CPU.Build.0 = Debug|Any CPU
		{464BF32F-9FB4-46DF-B968-5AA4E95715E3}.Release|Any CPU.ActiveCfg = Release|Any CPU
		{464BF32F-9FB4-46DF-B968-5AA4E95715E3}.Release|Any CPU.Build.0 = Release|Any CPU
	EndGlobalSection
	GlobalSection(SolutionProperties) = preSolution
		HideSolutionNode = FALSE
	EndGlobalSection
	GlobalSection(ExtensibilityGlobals) = postSolution
		SolutionGuid = {00AA3351-ED64-40D4-AF34-42C7F46E48CC}
	EndGlobalSection
EndGlobal
